// !$*UTF8*$!
{
	archiveVersion = 1;
	classes = {
	};
	objectVersion = 46;
	objects = {

/* Begin PBXBuildFile section */
		9D2F34D21FC6647E0080909F /* GUIViewController.swift in Sources */ = {isa = PBXBuildFile; fileRef = 9D2F34D11FC6647E0080909F /* GUIViewController.swift */; };
		9D2F34D41FC669F40080909F /* TransitionManager.swift in Sources */ = {isa = PBXBuildFile; fileRef = 9D2F34D31FC669F40080909F /* TransitionManager.swift */; };
		9D2F34D61FC6762B0080909F /* TopToBottomSegue.swift in Sources */ = {isa = PBXBuildFile; fileRef = 9D2F34D51FC6762B0080909F /* TopToBottomSegue.swift */; };
		9D3C4ED11F59117B00BA0C15 /* AppDelegate.swift in Sources */ = {isa = PBXBuildFile; fileRef = 9D3C4ED01F59117B00BA0C15 /* AppDelegate.swift */; };
		9D3C4ED31F59117B00BA0C15 /* MainViewController.swift in Sources */ = {isa = PBXBuildFile; fileRef = 9D3C4ED21F59117B00BA0C15 /* MainViewController.swift */; };
		9D3C4ED61F59117B00BA0C15 /* Main.storyboard in Resources */ = {isa = PBXBuildFile; fileRef = 9D3C4ED41F59117B00BA0C15 /* Main.storyboard */; };
		9D3C4ED91F59117B00BA0C15 /* MHSB.xcdatamodeld in Sources */ = {isa = PBXBuildFile; fileRef = 9D3C4ED71F59117B00BA0C15 /* MHSB.xcdatamodeld */; };
		9D3C4EDB1F59117B00BA0C15 /* Assets.xcassets in Resources */ = {isa = PBXBuildFile; fileRef = 9D3C4EDA1F59117B00BA0C15 /* Assets.xcassets */; };
		9D3C4EDE1F59117B00BA0C15 /* LaunchScreen.storyboard in Resources */ = {isa = PBXBuildFile; fileRef = 9D3C4EDC1F59117B00BA0C15 /* LaunchScreen.storyboard */; };
		9D3C4EEA1F59171C00BA0C15 /* MainModel.swift in Sources */ = {isa = PBXBuildFile; fileRef = 9D3C4EE91F59171C00BA0C15 /* MainModel.swift */; };
		9D5FB6031FC0D07000F27968 /* ImportNewDataViewController.swift in Sources */ = {isa = PBXBuildFile; fileRef = 9D5FB6021FC0D07000F27968 /* ImportNewDataViewController.swift */; };
		9DE7D3BC1FF560F500F57073 /* UICollectionViewCellBubble.swift in Sources */ = {isa = PBXBuildFile; fileRef = 9DE7D3BB1FF560F500F57073 /* UICollectionViewCellBubble.swift */; };
		9DFE3FFA1F9A50A200B18D78 /* MHS_0.csv in Resources */ = {isa = PBXBuildFile; fileRef = 9DFE3FF91F9A488400B18D78 /* MHS_0.csv */; };
/* End PBXBuildFile section */

/* Begin PBXFileReference section */
		9D2F34D11FC6647E0080909F /* GUIViewController.swift */ = {isa = PBXFileReference; lastKnownFileType = sourcecode.swift; path = GUIViewController.swift; sourceTree = "<group>"; };
		9D2F34D31FC669F40080909F /* TransitionManager.swift */ = {isa = PBXFileReference; lastKnownFileType = sourcecode.swift; path = TransitionManager.swift; sourceTree = "<group>"; };
		9D2F34D51FC6762B0080909F /* TopToBottomSegue.swift */ = {isa = PBXFileReference; lastKnownFileType = sourcecode.swift; path = TopToBottomSegue.swift; sourceTree = "<group>"; };
		9D3C4ECD1F59117B00BA0C15 /* MHSB.app */ = {isa = PBXFileReference; explicitFileType = wrapper.application; includeInIndex = 0; path = MHSB.app; sourceTree = BUILT_PRODUCTS_DIR; };
		9D3C4ED01F59117B00BA0C15 /* AppDelegate.swift */ = {isa = PBXFileReference; lastKnownFileType = sourcecode.swift; path = AppDelegate.swift; sourceTree = "<group>"; };
		9D3C4ED21F59117B00BA0C15 /* MainViewController.swift */ = {isa = PBXFileReference; lastKnownFileType = sourcecode.swift; path = MainViewController.swift; sourceTree = "<group>"; };
		9D3C4ED51F59117B00BA0C15 /* Base */ = {isa = PBXFileReference; lastKnownFileType = file.storyboard; name = Base; path = Base.lproj/Main.storyboard; sourceTree = "<group>"; };
		9D3C4ED81F59117B00BA0C15 /* MHSB.xcdatamodel */ = {isa = PBXFileReference; lastKnownFileType = wrapper.xcdatamodel; path = MHSB.xcdatamodel; sourceTree = "<group>"; };
		9D3C4EDA1F59117B00BA0C15 /* Assets.xcassets */ = {isa = PBXFileReference; lastKnownFileType = folder.assetcatalog; path = Assets.xcassets; sourceTree = "<group>"; };
		9D3C4EDD1F59117B00BA0C15 /* Base */ = {isa = PBXFileReference; lastKnownFileType = file.storyboard; name = Base; path = Base.lproj/LaunchScreen.storyboard; sourceTree = "<group>"; };
		9D3C4EDF1F59117B00BA0C15 /* Info.plist */ = {isa = PBXFileReference; lastKnownFileType = text.plist.xml; path = Info.plist; sourceTree = "<group>"; };
		9D3C4EE91F59171C00BA0C15 /* MainModel.swift */ = {isa = PBXFileReference; fileEncoding = 4; lastKnownFileType = sourcecode.swift; path = MainModel.swift; sourceTree = "<group>"; };
		9D5FB6021FC0D07000F27968 /* ImportNewDataViewController.swift */ = {isa = PBXFileReference; lastKnownFileType = sourcecode.swift; path = ImportNewDataViewController.swift; sourceTree = "<group>"; };
		9DE7D3BB1FF560F500F57073 /* UICollectionViewCellBubble.swift */ = {isa = PBXFileReference; lastKnownFileType = sourcecode.swift; path = UICollectionViewCellBubble.swift; sourceTree = "<group>"; };
		9DFE3FF91F9A488400B18D78 /* MHS_0.csv */ = {isa = PBXFileReference; lastKnownFileType = text; path = MHS_0.csv; sourceTree = "<group>"; };
/* End PBXFileReference section */

/* Begin PBXFrameworksBuildPhase section */
		9D3C4ECA1F59117B00BA0C15 /* Frameworks */ = {
			isa = PBXFrameworksBuildPhase;
			buildActionMask = 2147483647;
			files = (
			);
			runOnlyForDeploymentPostprocessing = 0;
		};
/* End PBXFrameworksBuildPhase section */

/* Begin PBXGroup section */
		9D3C4EC41F59117B00BA0C15 = {
			isa = PBXGroup;
			children = (
				9D3C4ECF1F59117B00BA0C15 /* MHSB */,
				9D3C4ECE1F59117B00BA0C15 /* Products */,
			);
			sourceTree = "<group>";
		};
		9D3C4ECE1F59117B00BA0C15 /* Products */ = {
			isa = PBXGroup;
			children = (
				9D3C4ECD1F59117B00BA0C15 /* MHSB.app */,
			);
			name = Products;
			sourceTree = "<group>";
		};
		9D3C4ECF1F59117B00BA0C15 /* MHSB */ = {
			isa = PBXGroup;
			children = (
				9D3C4ED01F59117B00BA0C15 /* AppDelegate.swift */,
				9D2F34D51FC6762B0080909F /* TopToBottomSegue.swift */,
				9DE7D3BB1FF560F500F57073 /* UICollectionViewCellBubble.swift */,
				9D5FB6021FC0D07000F27968 /* ImportNewDataViewController.swift */,
				9D2F34D11FC6647E0080909F /* GUIViewController.swift */,
				9D3C4ED21F59117B00BA0C15 /* MainViewController.swift */,
				9D3C4EE91F59171C00BA0C15 /* MainModel.swift */,
				9D3C4ED41F59117B00BA0C15 /* Main.storyboard */,
				9D3C4EDA1F59117B00BA0C15 /* Assets.xcassets */,
				9D3C4ED71F59117B00BA0C15 /* MHSB.xcdatamodeld */,
				9D3C4EDC1F59117B00BA0C15 /* LaunchScreen.storyboard */,
				9D3C4EDF1F59117B00BA0C15 /* Info.plist */,
				9DFE3FF91F9A488400B18D78 /* MHS_0.csv */,
				9D2F34D31FC669F40080909F /* TransitionManager.swift */,
			);
			path = MHSB;
			sourceTree = "<group>";
		};
/* End PBXGroup section */

/* Begin PBXNativeTarget section */
		9D3C4ECC1F59117B00BA0C15 /* MHSB */ = {
			isa = PBXNativeTarget;
			buildConfigurationList = 9D3C4EE21F59117B00BA0C15 /* Build configuration list for PBXNativeTarget "MHSB" */;
			buildPhases = (
				9D3C4EC91F59117B00BA0C15 /* Sources */,
				9D3C4ECA1F59117B00BA0C15 /* Frameworks */,
				9D3C4ECB1F59117B00BA0C15 /* Resources */,
			);
			buildRules = (
			);
			dependencies = (
			);
			name = MHSB;
			productName = MHSB;
			productReference = 9D3C4ECD1F59117B00BA0C15 /* MHSB.app */;
			productType = "com.apple.product-type.application";
		};
/* End PBXNativeTarget section */

/* Begin PBXProject section */
		9D3C4EC51F59117B00BA0C15 /* Project object */ = {
			isa = PBXProject;
			attributes = {
				LastSwiftUpdateCheck = 0830;
				LastUpgradeCheck = 0900;
				ORGANIZATIONNAME = "Steve Lee";
				TargetAttributes = {
					9D3C4ECC1F59117B00BA0C15 = {
						CreatedOnToolsVersion = 8.3.2;
						DevelopmentTeam = 67MX9PD557;
						LastSwiftMigration = 0900;
						ProvisioningStyle = Automatic;
					};
				};
			};
			buildConfigurationList = 9D3C4EC81F59117B00BA0C15 /* Build configuration list for PBXProject "MHSB" */;
			compatibilityVersion = "Xcode 3.2";
			developmentRegion = English;
			hasScannedForEncodings = 0;
			knownRegions = (
				en,
				Base,
			);
			mainGroup = 9D3C4EC41F59117B00BA0C15;
			productRefGroup = 9D3C4ECE1F59117B00BA0C15 /* Products */;
			projectDirPath = "";
			projectRoot = "";
			targets = (
				9D3C4ECC1F59117B00BA0C15 /* MHSB */,
			);
		};
/* End PBXProject section */

/* Begin PBXResourcesBuildPhase section */
		9D3C4ECB1F59117B00BA0C15 /* Resources */ = {
			isa = PBXResourcesBuildPhase;
			buildActionMask = 2147483647;
			files = (
				9D3C4EDE1F59117B00BA0C15 /* LaunchScreen.storyboard in Resources */,
				9D3C4EDB1F59117B00BA0C15 /* Assets.xcassets in Resources */,
				9DFE3FFA1F9A50A200B18D78 /* MHS_0.csv in Resources */,
				9D3C4ED61F59117B00BA0C15 /* Main.storyboard in Resources */,
			);
			runOnlyForDeploymentPostprocessing = 0;
		};
/* End PBXResourcesBuildPhase section */

/* Begin PBXSourcesBuildPhase section */
		9D3C4EC91F59117B00BA0C15 /* Sources */ = {
			isa = PBXSourcesBuildPhase;
			buildActionMask = 2147483647;
			files = (
				9D2F34D21FC6647E0080909F /* GUIViewController.swift in Sources */,
				9DE7D3BC1FF560F500F57073 /* UICollectionViewCellBubble.swift in Sources */,
				9D3C4ED31F59117B00BA0C15 /* MainViewController.swift in Sources */,
				9D2F34D41FC669F40080909F /* TransitionManager.swift in Sources */,
				9D3C4EEA1F59171C00BA0C15 /* MainModel.swift in Sources */,
				9D3C4ED11F59117B00BA0C15 /* AppDelegate.swift in Sources */,
				9D2F34D61FC6762B0080909F /* TopToBottomSegue.swift in Sources */,
				9D5FB6031FC0D07000F27968 /* ImportNewDataViewController.swift in Sources */,
				9D3C4ED91F59117B00BA0C15 /* MHSB.xcdatamodeld in Sources */,
			);
			runOnlyForDeploymentPostprocessing = 0;
		};
/* End PBXSourcesBuildPhase section */

/* Begin PBXVariantGroup section */
		9D3C4ED41F59117B00BA0C15 /* Main.storyboard */ = {
			isa = PBXVariantGroup;
			children = (
				9D3C4ED51F59117B00BA0C15 /* Base */,
			);
			name = Main.storyboard;
			sourceTree = "<group>";
		};
		9D3C4EDC1F59117B00BA0C15 /* LaunchScreen.storyboard */ = {
			isa = PBXVariantGroup;
			children = (
				9D3C4EDD1F59117B00BA0C15 /* Base */,
			);
			name = LaunchScreen.storyboard;
			sourceTree = "<group>";
		};
/* End PBXVariantGroup section */

/* Begin XCBuildConfiguration section */
		9D3C4EE01F59117B00BA0C15 /* Debug */ = {
			isa = XCBuildConfiguration;
			buildSettings = {
				ALWAYS_SEARCH_USER_PATHS = NO;
				CLANG_ANALYZER_NONNULL = YES;
				CLANG_ANALYZER_NUMBER_OBJECT_CONVERSION = YES_AGGRESSIVE;
				CLANG_CXX_LANGUAGE_STANDARD = "gnu++0x";
				CLANG_CXX_LIBRARY = "libc++";
				CLANG_ENABLE_MODULES = YES;
				CLANG_ENABLE_OBJC_ARC = YES;
				CLANG_WARN_BLOCK_CAPTURE_AUTORELEASING = YES;
				CLANG_WARN_BOOL_CONVERSION = YES;
				CLANG_WARN_COMMA = YES;
				CLANG_WARN_CONSTANT_CONVERSION = YES;
				CLANG_WARN_DIRECT_OBJC_ISA_USAGE = YES_ERROR;
				CLANG_WARN_DOCUMENTATION_COMMENTS = YES;
				CLANG_WARN_EMPTY_BODY = YES;
				CLANG_WARN_ENUM_CONVERSION = YES;
				CLANG_WARN_INFINITE_RECURSION = YES;
				CLANG_WARN_INT_CONVERSION = YES;
				CLANG_WARN_NON_LITERAL_NULL_CONVERSION = YES;
				CLANG_WARN_OBJC_LITERAL_CONVERSION = YES;
				CLANG_WARN_OBJC_ROOT_CLASS = YES_ERROR;
				CLANG_WARN_RANGE_LOOP_ANALYSIS = YES;
				CLANG_WARN_STRICT_PROTOTYPES = YES;
				CLANG_WARN_SUSPICIOUS_MOVE = YES;
				CLANG_WARN_UNREACHABLE_CODE = YES;
				CLANG_WARN__DUPLICATE_METHOD_MATCH = YES;
				"CODE_SIGN_IDENTITY[sdk=iphoneos*]" = "iPhone Developer";
				COPY_PHASE_STRIP = NO;
				DEBUG_INFORMATION_FORMAT = dwarf;
				ENABLE_STRICT_OBJC_MSGSEND = YES;
				ENABLE_TESTABILITY = YES;
				GCC_C_LANGUAGE_STANDARD = gnu99;
				GCC_DYNAMIC_NO_PIC = NO;
				GCC_NO_COMMON_BLOCKS = YES;
				GCC_OPTIMIZATION_LEVEL = 0;
				GCC_PREPROCESSOR_DEFINITIONS = (
					"DEBUG=1",
					"$(inherited)",
				);
				GCC_WARN_64_TO_32_BIT_CONVERSION = YES;
				GCC_WARN_ABOUT_RETURN_TYPE = YES_ERROR;
				GCC_WARN_UNDECLARED_SELECTOR = YES;
				GCC_WARN_UNINITIALIZED_AUTOS = YES_AGGRESSIVE;
				GCC_WARN_UNUSED_FUNCTION = YES;
				GCC_WARN_UNUSED_VARIABLE = YES;
				IPHONEOS_DEPLOYMENT_TARGET = 10.0;
				MTL_ENABLE_DEBUG_INFO = YES;
				ONLY_ACTIVE_ARCH = YES;
				SDKROOT = iphoneos;
				SWIFT_ACTIVE_COMPILATION_CONDITIONS = DEBUG;
				SWIFT_OPTIMIZATION_LEVEL = "-Onone";
				TARGETED_DEVICE_FAMILY = 2;
			};
			name = Debug;
		};
		9D3C4EE11F59117B00BA0C15 /* Release */ = {
			isa = XCBuildConfiguration;
			buildSettings = {
				ALWAYS_SEARCH_USER_PATHS = NO;
				CLANG_ANALYZER_NONNULL = YES;
				CLANG_ANALYZER_NUMBER_OBJECT_CONVERSION = YES_AGGRESSIVE;
				CLANG_CXX_LANGUAGE_STANDARD = "gnu++0x";
				CLANG_CXX_LIBRARY = "libc++";
				CLANG_ENABLE_MODULES = YES;
				CLANG_ENABLE_OBJC_ARC = YES;
				CLANG_WARN_BLOCK_CAPTURE_AUTORELEASING = YES;
				CLANG_WARN_BOOL_CONVERSION = YES;
				CLANG_WARN_COMMA = YES;
				CLANG_WARN_CONSTANT_CONVERSION = YES;
				CLANG_WARN_DIRECT_OBJC_ISA_USAGE = YES_ERROR;
				CLANG_WARN_DOCUMENTATION_COMMENTS = YES;
				CLANG_WARN_EMPTY_BODY = YES;
				CLANG_WARN_ENUM_CONVERSION = YES;
				CLANG_WARN_INFINITE_RECURSION = YES;
				CLANG_WARN_INT_CONVERSION = YES;
				CLANG_WARN_NON_LITERAL_NULL_CONVERSION = YES;
				CLANG_WARN_OBJC_LITERAL_CONVERSION = YES;
				CLANG_WARN_OBJC_ROOT_CLASS = YES_ERROR;
				CLANG_WARN_RANGE_LOOP_ANALYSIS = YES;
				CLANG_WARN_STRICT_PROTOTYPES = YES;
				CLANG_WARN_SUSPICIOUS_MOVE = YES;
				CLANG_WARN_UNREACHABLE_CODE = YES;
				CLANG_WARN__DUPLICATE_METHOD_MATCH = YES;
				"CODE_SIGN_IDENTITY[sdk=iphoneos*]" = "iPhone Developer";
				COPY_PHASE_STRIP = NO;
				DEBUG_INFORMATION_FORMAT = "dwarf-with-dsym";
				ENABLE_NS_ASSERTIONS = NO;
				ENABLE_STRICT_OBJC_MSGSEND = YES;
				GCC_C_LANGUAGE_STANDARD = gnu99;
				GCC_NO_COMMON_BLOCKS = YES;
				GCC_WARN_64_TO_32_BIT_CONVERSION = YES;
				GCC_WARN_ABOUT_RETURN_TYPE = YES_ERROR;
				GCC_WARN_UNDECLARED_SELECTOR = YES;
				GCC_WARN_UNINITIALIZED_AUTOS = YES_AGGRESSIVE;
				GCC_WARN_UNUSED_FUNCTION = YES;
				GCC_WARN_UNUSED_VARIABLE = YES;
				IPHONEOS_DEPLOYMENT_TARGET = 10.0;
				MTL_ENABLE_DEBUG_INFO = NO;
				SDKROOT = iphoneos;
				SWIFT_OPTIMIZATION_LEVEL = "-Owholemodule";
				TARGETED_DEVICE_FAMILY = 2;
				VALIDATE_PRODUCT = YES;
			};
			name = Release;
		};
		9D3C4EE31F59117B00BA0C15 /* Debug */ = {
			isa = XCBuildConfiguration;
			buildSettings = {
				ASSETCATALOG_COMPILER_APPICON_NAME = AppIcon;
				DEVELOPMENT_TEAM = 67MX9PD557;
				INFOPLIST_FILE = MHSB/Info.plist;
				IPHONEOS_DEPLOYMENT_TARGET = 10.0;
				LD_RUNPATH_SEARCH_PATHS = "$(inherited) @executable_path/Frameworks";
				PRODUCT_BUNDLE_IDENTIFIER = cookielabcorp.MHSB;
				PRODUCT_NAME = "$(TARGET_NAME)";
				SWIFT_VERSION = 4.0;
				TARGETED_DEVICE_FAMILY = 2;
			};
			name = Debug;
		};
		9D3C4EE41F59117B00BA0C15 /* Release */ = {
			isa = XCBuildConfiguration;
			buildSettings = {
				ASSETCATALOG_COMPILER_APPICON_NAME = AppIcon;
				DEVELOPMENT_TEAM = 67MX9PD557;
				INFOPLIST_FILE = MHSB/Info.plist;
				IPHONEOS_DEPLOYMENT_TARGET = 10.0;
				LD_RUNPATH_SEARCH_PATHS = "$(inherited) @executable_path/Frameworks";
				PRODUCT_BUNDLE_IDENTIFIER = cookielabcorp.MHSB;
				PRODUCT_NAME = "$(TARGET_NAME)";
				SWIFT_VERSION = 4.0;
				TARGETED_DEVICE_FAMILY = 2;
			};
			name = Release;
		};
/* End XCBuildConfiguration section */

/* Begin XCConfigurationList section */
		9D3C4EC81F59117B00BA0C15 /* Build configuration list for PBXProject "MHSB" */ = {
			isa = XCConfigurationList;
			buildConfigurations = (
				9D3C4EE01F59117B00BA0C15 /* Debug */,
				9D3C4EE11F59117B00BA0C15 /* Release */,
			);
			defaultConfigurationIsVisible = 0;
			defaultConfigurationName = Release;
		};
		9D3C4EE21F59117B00BA0C15 /* Build configuration list for PBXNativeTarget "MHSB" */ = {
			isa = XCConfigurationList;
			buildConfigurations = (
				9D3C4EE31F59117B00BA0C15 /* Debug */,
				9D3C4EE41F59117B00BA0C15 /* Release */,
			);
			defaultConfigurationIsVisible = 0;
			defaultConfigurationName = Release;
		};
/* End XCConfigurationList section */

/* Begin XCVersionGroup section */
		9D3C4ED71F59117B00BA0C15 /* MHSB.xcdatamodeld */ = {
			isa = XCVersionGroup;
			children = (
				9D3C4ED81F59117B00BA0C15 /* MHSB.xcdatamodel */,
			);
			currentVersion = 9D3C4ED81F59117B00BA0C15 /* MHSB.xcdatamodel */;
			path = MHSB.xcdatamodeld;
			sourceTree = "<group>";
			versionGroupType = wrapper.xcdatamodel;
		};
/* End XCVersionGroup section */
	};
	rootObject = 9D3C4EC51F59117B00BA0C15 /* Project object */;
}
